// !$*UTF8*$!
{
	archiveVersion = 1;
	classes = {
	};
	objectVersion = 50;
	objects = {

/* Begin PBXBuildFile section */
		FD64A2CA23A6F16200B9F08D /* main.swift in Sources */ = {isa = PBXBuildFile; fileRef = FD64A2C923A6F16200B9F08D /* main.swift */; };
		FD9C60CC23ABF8870082FC74 /* day_13.in in CopyFiles */ = {isa = PBXBuildFile; fileRef = FDF9E2E923ABD640009B381B /* day_13.in */; };
		FDF9E2E023ABA718009B381B /* IntegerComputer.swift in Sources */ = {isa = PBXBuildFile; fileRef = FDF9E2DF23ABA718009B381B /* IntegerComputer.swift */; };
/* End PBXBuildFile section */

/* Begin PBXCopyFilesBuildPhase section */
		FD64A2C423A6F16200B9F08D /* CopyFiles */ = {
			isa = PBXCopyFilesBuildPhase;
			buildActionMask = 12;
			dstPath = "";
			dstSubfolderSpec = 6;
			files = (
				FD9C60CC23ABF8870082FC74 /* day_13.in in CopyFiles */,
			);
			runOnlyForDeploymentPostprocessing = 0;
		};
/* End PBXCopyFilesBuildPhase section */

/* Begin PBXFileReference section */
		FD64A2C623A6F16200B9F08D /* day_13 */ = {isa = PBXFileReference; explicitFileType = "compiled.mach-o.executable"; includeInIndex = 0; path = day_13; sourceTree = BUILT_PRODUCTS_DIR; };
		FD64A2C923A6F16200B9F08D /* main.swift */ = {isa = PBXFileReference; lastKnownFileType = sourcecode.swift; path = main.swift; sourceTree = "<group>"; };
		FDF9E2DF23ABA718009B381B /* IntegerComputer.swift */ = {isa = PBXFileReference; lastKnownFileType = sourcecode.swift; path = IntegerComputer.swift; sourceTree = "<group>"; };
		FDF9E2E923ABD640009B381B /* day_13.in */ = {isa = PBXFileReference; fileEncoding = 4; lastKnownFileType = text; path = day_13.in; sourceTree = "<group>"; };
/* End PBXFileReference section */

/* Begin PBXFrameworksBuildPhase section */
		FD64A2C323A6F16200B9F08D /* Frameworks */ = {
			isa = PBXFrameworksBuildPhase;
			buildActionMask = 2147483647;
			files = (
			);
			runOnlyForDeploymentPostprocessing = 0;
		};
/* End PBXFrameworksBuildPhase section */

/* Begin PBXGroup section */
		FD64A2BD23A6F16200B9F08D = {
			isa = PBXGroup;
			children = (
				FD64A2C823A6F16200B9F08D /* day_13 */,
				FD64A2C723A6F16200B9F08D /* Products */,
			);
			sourceTree = "<group>";
		};
		FD64A2C723A6F16200B9F08D /* Products */ = {
			isa = PBXGroup;
			children = (
				FD64A2C623A6F16200B9F08D /* day_13 */,
			);
			name = Products;
			sourceTree = "<group>";
		};
		FD64A2C823A6F16200B9F08D /* day_13 */ = {
			isa = PBXGroup;
			children = (
				FDF9E2E823ABD640009B381B /* Resources */,
				FD64A2C923A6F16200B9F08D /* main.swift */,
				FDF9E2DF23ABA718009B381B /* IntegerComputer.swift */,
			);
			path = day_13;
			sourceTree = "<group>";
		};
		FDF9E2E823ABD640009B381B /* Resources */ = {
			isa = PBXGroup;
			children = (
				FDF9E2E923ABD640009B381B /* day_13.in */,
			);
			path = Resources;
			sourceTree = "<group>";
		};
/* End PBXGroup section */

/* Begin PBXNativeTarget section */
		FD64A2C523A6F16200B9F08D /* day_13 */ = {
			isa = PBXNativeTarget;
			buildConfigurationList = FD64A2CD23A6F16200B9F08D /* Build configuration list for PBXNativeTarget "day_13" */;
			buildPhases = (
				FD64A2C223A6F16200B9F08D /* Sources */,
				FD64A2C323A6F16200B9F08D /* Frameworks */,
				FD64A2C423A6F16200B9F08D /* CopyFiles */,
			);
			buildRules = (
			);
			dependencies = (
			);
			name = day_13;
			productName = day13;
			productReference = FD64A2C623A6F16200B9F08D /* day_13 */;
			productType = "com.apple.product-type.tool";
		};
/* End PBXNativeTarget section */

/* Begin PBXProject section */
		FD64A2BE23A6F16200B9F08D /* Project object */ = {
			isa = PBXProject;
			attributes = {
				LastSwiftUpdateCheck = 1130;
				LastUpgradeCheck = 1130;
				ORGANIZATIONNAME = "Marcin Mrugas";
				TargetAttributes = {
					FD64A2C523A6F16200B9F08D = {
						CreatedOnToolsVersion = 11.3;
					};
				};
			};
			buildConfigurationList = FD64A2C123A6F16200B9F08D /* Build configuration list for PBXProject "day_13" */;
			compatibilityVersion = "Xcode 9.3";
			developmentRegion = en;
			hasScannedForEncodings = 0;
			knownRegions = (
				en,
				Base,
			);
			mainGroup = FD64A2BD23A6F16200B9F08D;
			productRefGroup = FD64A2C723A6F16200B9F08D /* Products */;
			projectDirPath = "";
			projectRoot = "";
			targets = (
				FD64A2C523A6F16200B9F08D /* day_13 */,
			);
		};
/* End PBXProject section */

/* Begin PBXSourcesBuildPhase section */
		FD64A2C223A6F16200B9F08D /* Sources */ = {
			isa = PBXSourcesBuildPhase;
			buildActionMask = 2147483647;
			files = (
				FD64A2CA23A6F16200B9F08D /* main.swift in Sources */,
				FDF9E2E023ABA718009B381B /* IntegerComputer.swift in Sources */,
			);
			runOnlyForDeploymentPostprocessing = 0;
		};
/* End PBXSourcesBuildPhase section */

/* Begin XCBuildConfiguration section */
		FD64A2CB23A6F16200B9F08D /* Debug */ = {
			isa = XCBuildConfiguration;
			buildSettings = {
				ALWAYS_SEARCH_USER_PATHS = NO;
				CLANG_ANALYZER_NONNULL = YES;
				CLANG_ANALYZER_NUMBER_OBJECT_CONVERSION = YES_AGGRESSIVE;
				CLANG_CXX_LANGUAGE_STANDARD = "gnu++14";
				CLANG_CXX_LIBRARY = "libc++";
				CLANG_ENABLE_MODULES = YES;
				CLANG_ENABLE_OBJC_ARC = YES;
				CLANG_ENABLE_OBJC_WEAK = YES;
				CLANG_WARN_BLOCK_CAPTURE_AUTORELEASING = YES;
				CLANG_WARN_BOOL_CONVERSION = YES;
				CLANG_WARN_COMMA = YES;
				CLANG_WARN_CONSTANT_CONVERSION = YES;
				CLANG_WARN_DEPRECATED_OBJC_IMPLEMENTATIONS = YES;
				CLANG_WARN_DIRECT_OBJC_ISA_USAGE = YES_ERROR;
				CLANG_WARN_DOCUMENTATION_COMMENTS = YES;
				CLANG_WARN_EMPTY_BODY = YES;
				CLANG_WARN_ENUM_CONVERSION = YES;
				CLANG_WARN_INFINITE_RECURSION = YES;
				CLANG_WARN_INT_CONVERSION = YES;
				CLANG_WARN_NON_LITERAL_NULL_CONVERSION = YES;
				CLANG_WARN_OBJC_IMPLICIT_RETAIN_SELF = YES;
				CLANG_WARN_OBJC_LITERAL_CONVERSION = YES;
				CLANG_WARN_OBJC_ROOT_CLASS = YES_ERROR;
				CLANG_WARN_RANGE_LOOP_ANALYSIS = YES;
				CLANG_WARN_STRICT_PROTOTYPES = YES;
				CLANG_WARN_SUSPICIOUS_MOVE = YES;
				CLANG_WARN_UNGUARDED_AVAILABILITY = YES_AGGRESSIVE;
				CLANG_WARN_UNREACHABLE_CODE = YES;
				CLANG_WARN__DUPLICATE_METHOD_MATCH = YES;
				COPY_PHASE_STRIP = NO;
				DEBUG_INFORMATION_FORMAT = dwarf;
				ENABLE_STRICT_OBJC_MSGSEND = YES;
				ENABLE_TESTABILITY = YES;
				GCC_C_LANGUAGE_STANDARD = gnu11;
				GCC_DYNAMIC_NO_PIC = NO;
				GCC_NO_COMMON_BLOCKS = YES;
				GCC_OPTIMIZATION_LEVEL = 0;
				GCC_PREPROCESSOR_DEFINITIONS = (
					"DEBUG=1",
					"$(inherited)",
				);
				GCC_WARN_64_TO_32_BIT_CONVERSION = YES;
				GCC_WARN_ABOUT_RETURN_TYPE = YES_ERROR;
				GCC_WARN_UNDECLARED_SELECTOR = YES;
				GCC_WARN_UNINITIALIZED_AUTOS = YES_AGGRESSIVE;
				GCC_WARN_UNUSED_FUNCTION = YES;
				GCC_WARN_UNUSED_VARIABLE = YES;
				MACOSX_DEPLOYMENT_TARGET = 10.15;
				MTL_ENABLE_DEBUG_INFO = INCLUDE_SOURCE;
				MTL_FAST_MATH = YES;
				ONLY_ACTIVE_ARCH = YES;
				SDKROOT = macosx;
				SWIFT_ACTIVE_COMPILATION_CONDITIONS = DEBUG;
				SWIFT_OPTIMIZATION_LEVEL = "-Onone";
			};
			name = Debug;
		};
		FD64A2CC23A6F16200B9F08D /* Release */ = {
			isa = XCBuildConfiguration;
			buildSettings = {
				ALWAYS_SEARCH_USER_PATHS = NO;
				CLANG_ANALYZER_NONNULL = YES;
				CLANG_ANALYZER_NUMBER_OBJECT_CONVERSION = YES_AGGRESSIVE;
				CLANG_CXX_LANGUAGE_STANDARD = "gnu++14";
				CLANG_CXX_LIBRARY = "libc++";
				CLANG_ENABLE_MODULES = YES;
				CLANG_ENABLE_OBJC_ARC = YES;
				CLANG_ENABLE_OBJC_WEAK = YES;
				CLANG_WARN_BLOCK_CAPTURE_AUTORELEASING = YES;
				CLANG_WARN_BOOL_CONVERSION = YES;
				CLANG_WARN_COMMA = YES;
				CLANG_WARN_CONSTANT_CONVERSION = YES;
				CLANG_WARN_DEPRECATED_OBJC_IMPLEMENTATIONS = YES;
				CLANG_WARN_DIRECT_OBJC_ISA_USAGE = YES_ERROR;
				CLANG_WARN_DOCUMENTATION_COMMENTS = YES;
				CLANG_WARN_EMPTY_BODY = YES;
				CLANG_WARN_ENUM_CONVERSION = YES;
				CLANG_WARN_INFINITE_RECURSION = YES;
				CLANG_WARN_INT_CONVERSION = YES;
				CLANG_WARN_NON_LITERAL_NULL_CONVERSION = YES;
				CLANG_WARN_OBJC_IMPLICIT_RETAIN_SELF = YES;
				CLANG_WARN_OBJC_LITERAL_CONVERSION = YES;
				CLANG_WARN_OBJC_ROOT_CLASS = YES_ERROR;
				CLANG_WARN_RANGE_LOOP_ANALYSIS = YES;
				CLANG_WARN_STRICT_PROTOTYPES = YES;
				CLANG_WARN_SUSPICIOUS_MOVE = YES;
				CLANG_WARN_UNGUARDED_AVAILABILITY = YES_AGGRESSIVE;
				CLANG_WARN_UNREACHABLE_CODE = YES;
				CLANG_WARN__DUPLICATE_METHOD_MATCH = YES;
				COPY_PHASE_STRIP = NO;
				DEBUG_INFORMATION_FORMAT = "dwarf-with-dsym";
				ENABLE_NS_ASSERTIONS = NO;
				ENABLE_STRICT_OBJC_MSGSEND = YES;
				GCC_C_LANGUAGE_STANDARD = gnu11;
				GCC_NO_COMMON_BLOCKS = YES;
				GCC_WARN_64_TO_32_BIT_CONVERSION = YES;
				GCC_WARN_ABOUT_RETURN_TYPE = YES_ERROR;
				GCC_WARN_UNDECLARED_SELECTOR = YES;
				GCC_WARN_UNINITIALIZED_AUTOS = YES_AGGRESSIVE;
				GCC_WARN_UNUSED_FUNCTION = YES;
				GCC_WARN_UNUSED_VARIABLE = YES;
				MACOSX_DEPLOYMENT_TARGET = 10.15;
				MTL_ENABLE_DEBUG_INFO = NO;
				MTL_FAST_MATH = YES;
				SDKROOT = macosx;
				SWIFT_COMPILATION_MODE = wholemodule;
				SWIFT_OPTIMIZATION_LEVEL = "-O";
			};
			name = Release;
		};
		FD64A2CE23A6F16200B9F08D /* Debug */ = {
			isa = XCBuildConfiguration;
			buildSettings = {
				CODE_SIGN_STYLE = Automatic;
				PRODUCT_NAME = "$(TARGET_NAME)";
				SWIFT_VERSION = 5.0;
			};
			name = Debug;
		};
		FD64A2CF23A6F16200B9F08D /* Release */ = {
			isa = XCBuildConfiguration;
			buildSettings = {
				CODE_SIGN_STYLE = Automatic;
				PRODUCT_NAME = "$(TARGET_NAME)";
				SWIFT_VERSION = 5.0;
			};
			name = Release;
		};
/* End XCBuildConfiguration section */

/* Begin XCConfigurationList section */
		FD64A2C123A6F16200B9F08D /* Build configuration list for PBXProject "day_13" */ = {
			isa = XCConfigurationList;
			buildConfigurations = (
				FD64A2CB23A6F16200B9F08D /* Debug */,
				FD64A2CC23A6F16200B9F08D /* Release */,
			);
			defaultConfigurationIsVisible = 0;
			defaultConfigurationName = Release;
		};
		FD64A2CD23A6F16200B9F08D /* Build configuration list for PBXNativeTarget "day_13" */ = {
			isa = XCConfigurationList;
			buildConfigurations = (
				FD64A2CE23A6F16200B9F08D /* Debug */,
				FD64A2CF23A6F16200B9F08D /* Release */,
			);
			defaultConfigurationIsVisible = 0;
			defaultConfigurationName = Release;
		};
/* End XCConfigurationList section */
	};
	rootObject = FD64A2BE23A6F16200B9F08D /* Project object */;
}
